
Microsoft Visual Studio Solution File, Format Version 12.00
# Visual Studio Version 16
VisualStudioVersion = 16.0.31019.35
MinimumVisualStudioVersion = 10.0.40219.1
Project("{8BC9CEB8-8B4A-11D0-8D11-00A0C91BC942}") = "封装案例", "封装案例.vcxproj", "{5FA03AA8-0C94-49A6-B5F1-1826ED21F68F}"
EndProject
Global
	GlobalSection(SolutionConfigurationPlatforms) = preSolution
		Debug|x64 = Debug|x64
		Debug|x86 = Debug|x86
		Release|x64 = Release|x64
		Release|x86 = Release|x86
	EndGlobalSection
	GlobalSection(ProjectConfigurationPlatforms) = postSolution
		{5FA03AA8-0C94-49A6-B5F1-1826ED21F68F}.Debug|x64.ActiveCfg = Debug|x64
		{5FA03AA8-0C94-49A6-B5F1-1826ED21F68F}.Debug|x64.Build.0 = Debug|x64
		{5FA03AA8-0C94-49A6-B5F1-1826ED21F68F}.Debug|x86.ActiveCfg = Debug|Win32
		{5FA03AA8-0C94-49A6-B5F1-1826ED21F68F}.Debug|x86.Build.0 = Debug|Win32
		{5FA03AA8-0C94-49A6-B5F1-1826ED21F68F}.Release|x64.ActiveCfg = Release|x64
		{5FA03AA8-0C94-49A6-B5F1-1826ED21F68F}.Release|x64.Build.0 = Release|x64
		{5FA03AA8-0C94-49A6-B5F1-1826ED21F68F}.Release|x86.ActiveCfg = Release|Win32
		{5FA03AA8-0C94-49A6-B5F1-1826ED21F68F}.Release|x86.Build.0 = Release|Win32
	EndGlobalSection
	GlobalSection(SolutionProperties) = preSolution
		HideSolutionNode = FALSE
	EndGlobalSection
	GlobalSection(ExtensibilityGlobals) = postSolution
		SolutionGuid = {E3DCF098-17CC-4857-886A-EE2D3C04427C}
	EndGlobalSection
EndGlobal
